PODS:
  - flutter_pty2 (1.0.0):
    - FlutterMacOS
  - FlutterMacOS (1.0.0)

DEPENDENCIES:
  - flutter_pty2 (from `Flutter/ephemeral/.symlinks/plugins/flutter_pty2/macos`)
  - FlutterMacOS (from `Flutter/ephemeral`)

EXTERNAL SOURCES:
  flutter_pty2:
    :path: Flutter/ephemeral/.symlinks/plugins/flutter_pty2/macos
  FlutterMacOS:
    :path: Flutter/ephemeral

SPEC CHECKSUMS:
  flutter_pty2: bfd4dc87b2aa370f3837f3231adac967138340f9
  FlutterMacOS: d0db08ddef1a9af05a5ec4b724367152bb0500b1

PODFILE CHECKSUM: 9ebaf0ce3d369aaa26a9ea0e159195ed94724cf3

COCOAPODS: 1.17.0
